<?xml version="1.0" encoding="UTF-8" standalone="yes" ?>
<CodeBlocks_project_file>
	<FileVersion major="1" minor="6" />
	<Project>
		<Option title="All_in_one_Data-structures" />
		<Option pch_mode="2" />
		<Option compiler="gcc" />
		<Build>
			<Target title="Debug">
				<Option output="bin/Debug/All_in_one_Data-structures" prefix_auto="1" extension_auto="1" />
				<Option object_output="obj/Debug/" />
				<Option type="1" />
				<Option compiler="gcc" />
				<Compiler>
					<Add option="-g" />
				</Compiler>
			</Target>
			<Target title="Release">
				<Option output="bin/Release/All_in_one_Data-structures" prefix_auto="1" extension_auto="1" />
				<Option object_output="obj/Release/" />
				<Option type="1" />
				<Option compiler="gcc" />
				<Compiler>
					<Add option="-O2" />
				</Compiler>
				<Linker>
					<Add option="-s" />
				</Linker>
			</Target>
		</Build>
		<Compiler>
			<Add option="-Wall" />
		</Compiler>
		<Unit filename="Algo.c">
			<Option compilerVar="CC" />
		</Unit>
		<Unit filename="Algo.h" />
		<Unit filename="Array.c">
			<Option compilerVar="CC" />
		</Unit>
		<Unit filename="Graph.c">
			<Option compilerVar="CC" />
		</Unit>
		<Unit filename="Linked_list.c">
			<Option compilerVar="CC" />
		</Unit>
		<Unit filename="Queue.c">
			<Option compilerVar="CC" />
		</Unit>
		<Unit filename="Stack.c">
			<Option compilerVar="CC" />
		</Unit>
		<Unit filename="Trees.c">
			<Option compilerVar="CC" />
		</Unit>
		<Unit filename="dsa.h" />
		<Unit filename="main.c">
			<Option compilerVar="CC" />
		</Unit>
		<Extensions>
			<code_completion />
			<envvars />
			<debugger />
			<lib_finder disable_auto="1" />
		</Extensions>
	</Project>
</CodeBlocks_project_file>
